{
  "requires": true,
  "lockfileVersion": 1,
  "dependencies": {
    "xmlhttprequest-ssl": {
      "version": "2.1.0",
      "resolved": "https://registry.npmjs.org/xmlhttprequest-ssl/-/xmlhttprequest-ssl-2.1.0.tgz",
      "integrity": "sha512-PlkG6ZrKEtYVRDboRw5uUzy3nc6vMrZyT94Z3MzLc0PvFzy6d6VD8OLKKcsk9GdQDxz0XQjIwNHvpIMC/1v0pA=="
    }
  }
}
